// !$*UTF8*$!
{
	archiveVersion = 1;
	classes = {
	};
	objectVersion = 77;
	objects = {

/* Begin PBXBuildFile section */
		E031B2A1B920698DF9717539 /* Pods_NutriTrack.framework in Frameworks */ = {isa = PBXBuildFile; fileRef = A57448A631A4584CA13BD0C8 /* Pods_NutriTrack.framework */; };
/* End PBXBuildFile section */

/* Begin PBXCopyFilesBuildPhase section */
		3FE729EC2DC00F4E00EEBE89 /* Embed Frameworks */ = {
			isa = PBXCopyFilesBuildPhase;
			buildActionMask = 2147483647;
			dstPath = "";
			dstSubfolderSpec = 10;
			files = (
			);
			name = "Embed Frameworks";
			runOnlyForDeploymentPostprocessing = 0;
		};
/* End PBXCopyFilesBuildPhase section */

/* Begin PBXFileReference section */
		3F3675852DBFD28D00F27C1B /* NutriTrack.app */ = {isa = PBXFileReference; explicitFileType = wrapper.application; includeInIndex = 0; path = NutriTrack.app; sourceTree = BUILT_PRODUCTS_DIR; };
		3F3676A72DC00DE600F27C1B /* FIRAppInternal.h */ = {isa = PBXFileReference; lastKnownFileType = sourcecode.c.h; path = FIRAppInternal.h; sourceTree = "<group>"; };
		3F3676A82DC00DE600F27C1B /* FIRComponent.h */ = {isa = PBXFileReference; lastKnownFileType = sourcecode.c.h; path = FIRComponent.h; sourceTree = "<group>"; };
		3F3676A92DC00DE600F27C1B /* FIRComponentContainer.h */ = {isa = PBXFileReference; lastKnownFileType = sourcecode.c.h; path = FIRComponentContainer.h; sourceTree = "<group>"; };
		3F3676AA2DC00DE600F27C1B /* FIRComponentType.h */ = {isa = PBXFileReference; lastKnownFileType = sourcecode.c.h; path = FIRComponentType.h; sourceTree = "<group>"; };
		3F3676AB2DC00DE600F27C1B /* FIRHeartbeatLogger.h */ = {isa = PBXFileReference; lastKnownFileType = sourcecode.c.h; path = FIRHeartbeatLogger.h; sourceTree = "<group>"; };
		3F3676AC2DC00DE600F27C1B /* FIRLibrary.h */ = {isa = PBXFileReference; lastKnownFileType = sourcecode.c.h; path = FIRLibrary.h; sourceTree = "<group>"; };
		3F3676AD2DC00DE600F27C1B /* FIRLogger.h */ = {isa = PBXFileReference; lastKnownFileType = sourcecode.c.h; path = FIRLogger.h; sourceTree = "<group>"; };
		3F3676AE2DC00DE600F27C1B /* FirebaseCoreInternal.h */ = {isa = PBXFileReference; lastKnownFileType = sourcecode.c.h; path = FirebaseCoreInternal.h; sourceTree = "<group>"; };
		3F3676B02DC00DE600F27C1B /* FIRApp.h */ = {isa = PBXFileReference; lastKnownFileType = sourcecode.c.h; path = FIRApp.h; sourceTree = "<group>"; };
		3F3676B12DC00DE600F27C1B /* FIRConfiguration.h */ = {isa = PBXFileReference; lastKnownFileType = sourcecode.c.h; path = FIRConfiguration.h; sourceTree = "<group>"; };
		3F3676B22DC00DE600F27C1B /* FIRLoggerLevel.h */ = {isa = PBXFileReference; lastKnownFileType = sourcecode.c.h; path = FIRLoggerLevel.h; sourceTree = "<group>"; };
		3F3676B32DC00DE600F27C1B /* FIROptions.h */ = {isa = PBXFileReference; lastKnownFileType = sourcecode.c.h; path = FIROptions.h; sourceTree = "<group>"; };
		3F3676B42DC00DE600F27C1B /* FIRTimestamp.h */ = {isa = PBXFileReference; lastKnownFileType = sourcecode.c.h; path = FIRTimestamp.h; sourceTree = "<group>"; };
		3F3676B52DC00DE600F27C1B /* FIRVersion.h */ = {isa = PBXFileReference; lastKnownFileType = sourcecode.c.h; path = FIRVersion.h; sourceTree = "<group>"; };
		3F3676B62DC00DE600F27C1B /* FirebaseCore.h */ = {isa = PBXFileReference; lastKnownFileType = sourcecode.c.h; path = FirebaseCore.h; sourceTree = "<group>"; };
		3F3676B92DC00DE600F27C1B /* PrivacyInfo.xcprivacy */ = {isa = PBXFileReference; lastKnownFileType = text.xml; path = PrivacyInfo.xcprivacy; sourceTree = "<group>"; };
		3F3676BB2DC00DE600F27C1B /* FIRAnalyticsConfiguration.h */ = {isa = PBXFileReference; lastKnownFileType = sourcecode.c.h; path = FIRAnalyticsConfiguration.h; sourceTree = "<group>"; };
		3F3676BC2DC00DE600F27C1B /* FIRAnalyticsConfiguration.m */ = {isa = PBXFileReference; lastKnownFileType = sourcecode.c.objc; path = FIRAnalyticsConfiguration.m; sourceTree = "<group>"; };
		3F3676BD2DC00DE600F27C1B /* FIRApp.m */ = {isa = PBXFileReference; lastKnownFileType = sourcecode.c.objc; path = FIRApp.m; sourceTree = "<group>"; };
		3F3676BE2DC00DE600F27C1B /* FIRBundleUtil.h */ = {isa = PBXFileReference; lastKnownFileType = sourcecode.c.h; path = FIRBundleUtil.h; sourceTree = "<group>"; };
		3F3676BF2DC00DE600F27C1B /* FIRBundleUtil.m */ = {isa = PBXFileReference; lastKnownFileType = sourcecode.c.objc; path = FIRBundleUtil.m; sourceTree = "<group>"; };
		3F3676C02DC00DE600F27C1B /* FIRComponent.m */ = {isa = PBXFileReference; lastKnownFileType = sourcecode.c.objc; path = FIRComponent.m; sourceTree = "<group>"; };
		3F3676C12DC00DE600F27C1B /* FIRComponentContainer.m */ = {isa = PBXFileReference; lastKnownFileType = sourcecode.c.objc; path = FIRComponentContainer.m; sourceTree = "<group>"; };
		3F3676C22DC00DE600F27C1B /* FIRComponentContainerInternal.h */ = {isa = PBXFileReference; lastKnownFileType = sourcecode.c.h; path = FIRComponentContainerInternal.h; sourceTree = "<group>"; };
		3F3676C32DC00DE600F27C1B /* FIRComponentType.m */ = {isa = PBXFileReference; lastKnownFileType = sourcecode.c.objc; path = FIRComponentType.m; sourceTree = "<group>"; };
		3F3676C42DC00DE600F27C1B /* FIRConfiguration.m */ = {isa = PBXFileReference; lastKnownFileType = sourcecode.c.objc; path = FIRConfiguration.m; sourceTree = "<group>"; };
		3F3676C52DC00DE600F27C1B /* FIRConfigurationInternal.h */ = {isa = PBXFileReference; lastKnownFileType = sourcecode.c.h; path = FIRConfigurationInternal.h; sourceTree = "<group>"; };
		3F3676C62DC00DE600F27C1B /* FIRFirebaseUserAgent.h */ = {isa = PBXFileReference; lastKnownFileType = sourcecode.c.h; path = FIRFirebaseUserAgent.h; sourceTree = "<group>"; };
		3F3676C72DC00DE600F27C1B /* FIRFirebaseUserAgent.m */ = {isa = PBXFileReference; lastKnownFileType = sourcecode.c.objc; path = FIRFirebaseUserAgent.m; sourceTree = "<group>"; };
		3F3676C82DC00DE600F27C1B /* FIRHeartbeatLogger.m */ = {isa = PBXFileReference; lastKnownFileType = sourcecode.c.objc; path = FIRHeartbeatLogger.m; sourceTree = "<group>"; };
		3F3676C92DC00DE600F27C1B /* FIRLogger.m */ = {isa = PBXFileReference; lastKnownFileType = sourcecode.c.objc; path = FIRLogger.m; sourceTree = "<group>"; };
		3F3676CA2DC00DE600F27C1B /* FIROptions.m */ = {isa = PBXFileReference; lastKnownFileType = sourcecode.c.objc; path = FIROptions.m; sourceTree = "<group>"; };
		3F3676CB2DC00DE600F27C1B /* FIROptionsInternal.h */ = {isa = PBXFileReference; lastKnownFileType = sourcecode.c.h; path = FIROptionsInternal.h; sourceTree = "<group>"; };
		3F3676CC2DC00DE600F27C1B /* FIRTimestamp.m */ = {isa = PBXFileReference; lastKnownFileType = sourcecode.c.objc; path = FIRTimestamp.m; sourceTree = "<group>"; };
		3F3676CD2DC00DE600F27C1B /* FIRTimestampInternal.h */ = {isa = PBXFileReference; lastKnownFileType = sourcecode.c.h; path = FIRTimestampInternal.h; sourceTree = "<group>"; };
		3F3676CE2DC00DE600F27C1B /* FIRVersion.m */ = {isa = PBXFileReference; lastKnownFileType = sourcecode.c.objc; path = FIRVersion.m; sourceTree = "<group>"; };
		3F3676D12DC00DE600F27C1B /* LICENSE */ = {isa = PBXFileReference; lastKnownFileType = text; path = LICENSE; sourceTree = "<group>"; };
		3F3676D22DC00DE600F27C1B /* README.md */ = {isa = PBXFileReference; lastKnownFileType = net.daringfireball.markdown; path = README.md; sourceTree = "<group>"; };
		4D8C7029F8A87BC1AEA2EE5D /* Pods-NutriTrack.release.xcconfig */ = {isa = PBXFileReference; includeInIndex = 1; lastKnownFileType = text.xcconfig; name = "Pods-NutriTrack.release.xcconfig"; path = "Target Support Files/Pods-NutriTrack/Pods-NutriTrack.release.xcconfig"; sourceTree = "<group>"; };
		68635500B4C83DF35202002C /* Pods-NutriTrack.debug.xcconfig */ = {isa = PBXFileReference; includeInIndex = 1; lastKnownFileType = text.xcconfig; name = "Pods-NutriTrack.debug.xcconfig"; path = "Target Support Files/Pods-NutriTrack/Pods-NutriTrack.debug.xcconfig"; sourceTree = "<group>"; };
		A57448A631A4584CA13BD0C8 /* Pods_NutriTrack.framework */ = {isa = PBXFileReference; explicitFileType = wrapper.framework; includeInIndex = 0; path = Pods_NutriTrack.framework; sourceTree = BUILT_PRODUCTS_DIR; };
/* End PBXFileReference section */

/* Begin PBXFileSystemSynchronizedBuildFileExceptionSet section */
		3F3675972DBFD29000F27C1B /* Exceptions for "NutriTrack" folder in "NutriTrack" target */ = {
			isa = PBXFileSystemSynchronizedBuildFileExceptionSet;
			membershipExceptions = (
				Info.plist,
			);
			target = 3F3675842DBFD28D00F27C1B /* NutriTrack */;
		};
/* End PBXFileSystemSynchronizedBuildFileExceptionSet section */

/* Begin PBXFileSystemSynchronizedRootGroup section */
		3F3675872DBFD28D00F27C1B /* NutriTrack */ = {
			isa = PBXFileSystemSynchronizedRootGroup;
			exceptions = (
				3F3675972DBFD29000F27C1B /* Exceptions for "NutriTrack" folder in "NutriTrack" target */,
			);
			path = NutriTrack;
			sourceTree = "<group>";
		};
/* End PBXFileSystemSynchronizedRootGroup section */

/* Begin PBXFrameworksBuildPhase section */
		3F3675822DBFD28D00F27C1B /* Frameworks */ = {
			isa = PBXFrameworksBuildPhase;
			buildActionMask = 2147483647;
			files = (
				E031B2A1B920698DF9717539 /* Pods_NutriTrack.framework in Frameworks */,
			);
			runOnlyForDeploymentPostprocessing = 0;
		};
/* End PBXFrameworksBuildPhase section */

/* Begin PBXGroup section */
		3F36757C2DBFD28D00F27C1B = {
			isa = PBXGroup;
			children = (
				3F3675872DBFD28D00F27C1B /* NutriTrack */,
				3F3675862DBFD28D00F27C1B /* Products */,
				4BEBD16FC279DA9E75C426F9 /* Pods */,
				791D3CE144739D2A609E13C6 /* Frameworks */,
			);
			sourceTree = "<group>";
		};
		3F3675862DBFD28D00F27C1B /* Products */ = {
			isa = PBXGroup;
			children = (
				3F3675852DBFD28D00F27C1B /* NutriTrack.app */,
			);
			name = Products;
			sourceTree = "<group>";
		};
		3F3676AF2DC00DE600F27C1B /* Extension */ = {
			isa = PBXGroup;
			children = (
				3F3676A72DC00DE600F27C1B /* FIRAppInternal.h */,
				3F3676A82DC00DE600F27C1B /* FIRComponent.h */,
				3F3676A92DC00DE600F27C1B /* FIRComponentContainer.h */,
				3F3676AA2DC00DE600F27C1B /* FIRComponentType.h */,
				3F3676AB2DC00DE600F27C1B /* FIRHeartbeatLogger.h */,
				3F3676AC2DC00DE600F27C1B /* FIRLibrary.h */,
				3F3676AD2DC00DE600F27C1B /* FIRLogger.h */,
				3F3676AE2DC00DE600F27C1B /* FirebaseCoreInternal.h */,
			);
			path = Extension;
			sourceTree = "<group>";
		};
		3F3676B72DC00DE600F27C1B /* FirebaseCore */ = {
			isa = PBXGroup;
			children = (
				3F3676B02DC00DE600F27C1B /* FIRApp.h */,
				3F3676B12DC00DE600F27C1B /* FIRConfiguration.h */,
				3F3676B22DC00DE600F27C1B /* FIRLoggerLevel.h */,
				3F3676B32DC00DE600F27C1B /* FIROptions.h */,
				3F3676B42DC00DE600F27C1B /* FIRTimestamp.h */,
				3F3676B52DC00DE600F27C1B /* FIRVersion.h */,
				3F3676B62DC00DE600F27C1B /* FirebaseCore.h */,
			);
			path = FirebaseCore;
			sourceTree = "<group>";
		};
		3F3676B82DC00DE600F27C1B /* Public */ = {
			isa = PBXGroup;
			children = (
				3F3676B72DC00DE600F27C1B /* FirebaseCore */,
			);
			path = Public;
			sourceTree = "<group>";
		};
		3F3676BA2DC00DE600F27C1B /* Resources */ = {
			isa = PBXGroup;
			children = (
				3F3676B92DC00DE600F27C1B /* PrivacyInfo.xcprivacy */,
			);
			path = Resources;
			sourceTree = "<group>";
		};
		3F3676CF2DC00DE600F27C1B /* Sources */ = {
			isa = PBXGroup;
			children = (
				3F3676B82DC00DE600F27C1B /* Public */,
				3F3676BA2DC00DE600F27C1B /* Resources */,
				3F3676BB2DC00DE600F27C1B /* FIRAnalyticsConfiguration.h */,
				3F3676BC2DC00DE600F27C1B /* FIRAnalyticsConfiguration.m */,
				3F3676BD2DC00DE600F27C1B /* FIRApp.m */,
				3F3676BE2DC00DE600F27C1B /* FIRBundleUtil.h */,
				3F3676BF2DC00DE600F27C1B /* FIRBundleUtil.m */,
				3F3676C02DC00DE600F27C1B /* FIRComponent.m */,
				3F3676C12DC00DE600F27C1B /* FIRComponentContainer.m */,
				3F3676C22DC00DE600F27C1B /* FIRComponentContainerInternal.h */,
				3F3676C32DC00DE600F27C1B /* FIRComponentType.m */,
				3F3676C42DC00DE600F27C1B /* FIRConfiguration.m */,
				3F3676C52DC00DE600F27C1B /* FIRConfigurationInternal.h */,
				3F3676C62DC00DE600F27C1B /* FIRFirebaseUserAgent.h */,
				3F3676C72DC00DE600F27C1B /* FIRFirebaseUserAgent.m */,
				3F3676C82DC00DE600F27C1B /* FIRHeartbeatLogger.m */,
				3F3676C92DC00DE600F27C1B /* FIRLogger.m */,
				3F3676CA2DC00DE600F27C1B /* FIROptions.m */,
				3F3676CB2DC00DE600F27C1B /* FIROptionsInternal.h */,
				3F3676CC2DC00DE600F27C1B /* FIRTimestamp.m */,
				3F3676CD2DC00DE600F27C1B /* FIRTimestampInternal.h */,
				3F3676CE2DC00DE600F27C1B /* FIRVersion.m */,
			);
			path = Sources;
			sourceTree = "<group>";
		};
		3F3676D02DC00DE600F27C1B /* FirebaseCore */ = {
			isa = PBXGroup;
			children = (
				3F3676AF2DC00DE600F27C1B /* Extension */,
				3F3676CF2DC00DE600F27C1B /* Sources */,
			);
			path = FirebaseCore;
			sourceTree = "<group>";
		};
		3F3676D32DC00DE600F27C1B /* FirebaseCore */ = {
			isa = PBXGroup;
			children = (
				3F3676D02DC00DE600F27C1B /* FirebaseCore */,
				3F3676D12DC00DE600F27C1B /* LICENSE */,
				3F3676D22DC00DE600F27C1B /* README.md */,
			);
			name = FirebaseCore;
			path = Pods/FirebaseCore;
			sourceTree = "<group>";
		};
		4BEBD16FC279DA9E75C426F9 /* Pods */ = {
			isa = PBXGroup;
			children = (
				68635500B4C83DF35202002C /* Pods-NutriTrack.debug.xcconfig */,
				4D8C7029F8A87BC1AEA2EE5D /* Pods-NutriTrack.release.xcconfig */,
			);
			path = Pods;
			sourceTree = "<group>";
		};
		791D3CE144739D2A609E13C6 /* Frameworks */ = {
			isa = PBXGroup;
			children = (
				3F3676D32DC00DE600F27C1B /* FirebaseCore */,
				A57448A631A4584CA13BD0C8 /* Pods_NutriTrack.framework */,
			);
			name = Frameworks;
			sourceTree = "<group>";
		};
/* End PBXGroup section */

/* Begin PBXNativeTarget section */
		3F3675842DBFD28D00F27C1B /* NutriTrack */ = {
			isa = PBXNativeTarget;
			buildConfigurationList = 3F3675982DBFD29000F27C1B /* Build configuration list for PBXNativeTarget "NutriTrack" */;
			buildPhases = (
				4719CB1CD6248F7CB3E3488D /* [CP] Check Pods Manifest.lock */,
				3F3675812DBFD28D00F27C1B /* Sources */,
				3F3675822DBFD28D00F27C1B /* Frameworks */,
				3F3675832DBFD28D00F27C1B /* Resources */,
				3FE729EC2DC00F4E00EEBE89 /* Embed Frameworks */,
				17BF50FC120700692732D5AE /* [CP] Copy Pods Resources */,
			);
			buildRules = (
			);
			dependencies = (
			);
			fileSystemSynchronizedGroups = (
				3F3675872DBFD28D00F27C1B /* NutriTrack */,
			);
			name = NutriTrack;
			productName = NutriTrack;
			productReference = 3F3675852DBFD28D00F27C1B /* NutriTrack.app */;
			productType = "com.apple.product-type.application";
		};
/* End PBXNativeTarget section */

/* Begin PBXProject section */
		3F36757D2DBFD28D00F27C1B /* Project object */ = {
			isa = PBXProject;
			attributes = {
				BuildIndependentTargetsInParallel = 1;
				LastSwiftUpdateCheck = 1620;
				LastUpgradeCheck = 1620;
				TargetAttributes = {
					3F3675842DBFD28D00F27C1B = {
						CreatedOnToolsVersion = 16.2;
					};
				};
			};
			buildConfigurationList = 3F3675802DBFD28D00F27C1B /* Build configuration list for PBXProject "NutriTrack" */;
			developmentRegion = en;
			hasScannedForEncodings = 0;
			knownRegions = (
				en,
				Base,
			);
			mainGroup = 3F36757C2DBFD28D00F27C1B;
			minimizedProjectReferenceProxies = 1;
			preferredProjectObjectVersion = 77;
			productRefGroup = 3F3675862DBFD28D00F27C1B /* Products */;
			projectDirPath = "";
			projectRoot = "";
			targets = (
				3F3675842DBFD28D00F27C1B /* NutriTrack */,
			);
		};
/* End PBXProject section */

/* Begin PBXResourcesBuildPhase section */
		3F3675832DBFD28D00F27C1B /* Resources */ = {
			isa = PBXResourcesBuildPhase;
			buildActionMask = 2147483647;
			files = (
			);
			runOnlyForDeploymentPostprocessing = 0;
		};
/* End PBXResourcesBuildPhase section */

/* Begin PBXShellScriptBuildPhase section */
		17BF50FC120700692732D5AE /* [CP] Copy Pods Resources */ = {
			isa = PBXShellScriptBuildPhase;
			buildActionMask = 2147483647;
			files = (
			);
			inputFileListPaths = (
				"${PODS_ROOT}/Target Support Files/Pods-NutriTrack/Pods-NutriTrack-resources-${CONFIGURATION}-input-files.xcfilelist",
			);
			name = "[CP] Copy Pods Resources";
			outputFileListPaths = (
				"${PODS_ROOT}/Target Support Files/Pods-NutriTrack/Pods-NutriTrack-resources-${CONFIGURATION}-output-files.xcfilelist",
			);
			runOnlyForDeploymentPostprocessing = 0;
			shellPath = /bin/sh;
			shellScript = "\"${PODS_ROOT}/Target Support Files/Pods-NutriTrack/Pods-NutriTrack-resources.sh\"\n";
			showEnvVarsInLog = 0;
		};
		4719CB1CD6248F7CB3E3488D /* [CP] Check Pods Manifest.lock */ = {
			isa = PBXShellScriptBuildPhase;
			buildActionMask = 2147483647;
			files = (
			);
			inputFileListPaths = (
			);
			inputPaths = (
				"${PODS_PODFILE_DIR_PATH}/Podfile.lock",
				"${PODS_ROOT}/Manifest.lock",
			);
			name = "[CP] Check Pods Manifest.lock";
			outputFileListPaths = (
			);
			outputPaths = (
				"$(DERIVED_FILE_DIR)/Pods-NutriTrack-checkManifestLockResult.txt",
			);
			runOnlyForDeploymentPostprocessing = 0;
			shellPath = /bin/sh;
			shellScript = "diff \"${PODS_PODFILE_DIR_PATH}/Podfile.lock\" \"${PODS_ROOT}/Manifest.lock\" > /dev/null\nif [ $? != 0 ] ; then\n    # print error to STDERR\n    echo \"error: The sandbox is not in sync with the Podfile.lock. Run 'pod install' or update your CocoaPods installation.\" >&2\n    exit 1\nfi\n# This output is used by Xcode 'outputs' to avoid re-running this script phase.\necho \"SUCCESS\" > \"${SCRIPT_OUTPUT_FILE_0}\"\n";
			showEnvVarsInLog = 0;
		};
/* End PBXShellScriptBuildPhase section */

/* Begin PBXSourcesBuildPhase section */
		3F3675812DBFD28D00F27C1B /* Sources */ = {
			isa = PBXSourcesBuildPhase;
			buildActionMask = 2147483647;
			files = (
			);
			runOnlyForDeploymentPostprocessing = 0;
		};
/* End PBXSourcesBuildPhase section */

/* Begin XCBuildConfiguration section */
		3F3675992DBFD29000F27C1B /* Debug */ = {
			isa = XCBuildConfiguration;
			baseConfigurationReference = 68635500B4C83DF35202002C /* Pods-NutriTrack.debug.xcconfig */;
			buildSettings = {
				ASSETCATALOG_COMPILER_APPICON_NAME = AppIcon;
				ASSETCATALOG_COMPILER_GLOBAL_ACCENT_COLOR_NAME = AccentColor;
				CODE_SIGN_STYLE = Automatic;
				CURRENT_PROJECT_VERSION = 1;
				GENERATE_INFOPLIST_FILE = YES;
				INFOPLIST_FILE = NutriTrack/Info.plist;
				INFOPLIST_KEY_UIApplicationSupportsIndirectInputEvents = YES;
				INFOPLIST_KEY_UILaunchStoryboardName = LaunchScreen;
				INFOPLIST_KEY_UIMainStoryboardFile = Main;
				INFOPLIST_KEY_UISupportedInterfaceOrientations_iPad = "UIInterfaceOrientationPortrait UIInterfaceOrientationPortraitUpsideDown UIInterfaceOrientationLandscapeLeft UIInterfaceOrientationLandscapeRight";
				INFOPLIST_KEY_UISupportedInterfaceOrientations_iPhone = "UIInterfaceOrientationPortrait UIInterfaceOrientationLandscapeLeft UIInterfaceOrientationLandscapeRight";
				LD_RUNPATH_SEARCH_PATHS = (
					"$(inherited)",
					"@executable_path/Frameworks",
				);
				MARKETING_VERSION = 1.0;
				PRODUCT_BUNDLE_IDENTIFIER = eylemseyhan.NutriTrack;
				PRODUCT_NAME = "$(TARGET_NAME)";
				SWIFT_EMIT_LOC_STRINGS = YES;
				SWIFT_VERSION = 5.0;
				TARGETED_DEVICE_FAMILY = "1,2";
			};
			name = Debug;
		};
		3F36759A2DBFD29000F27C1B /* Release */ = {
			isa = XCBuildConfiguration;
			baseConfigurationReference = 4D8C7029F8A87BC1AEA2EE5D /* Pods-NutriTrack.release.xcconfig */;
			buildSettings = {
				ASSETCATALOG_COMPILER_APPICON_NAME = AppIcon;
				ASSETCATALOG_COMPILER_GLOBAL_ACCENT_COLOR_NAME = AccentColor;
				CODE_SIGN_STYLE = Automatic;
				CURRENT_PROJECT_VERSION = 1;
				GENERATE_INFOPLIST_FILE = YES;
				INFOPLIST_FILE = NutriTrack/Info.plist;
				INFOPLIST_KEY_UIApplicationSupportsIndirectInputEvents = YES;
				INFOPLIST_KEY_UILaunchStoryboardName = LaunchScreen;
				INFOPLIST_KEY_UIMainStoryboardFile = Main;
				INFOPLIST_KEY_UISupportedInterfaceOrientations_iPad = "UIInterfaceOrientationPortrait UIInterfaceOrientationPortraitUpsideDown UIInterfaceOrientationLandscapeLeft UIInterfaceOrientationLandscapeRight";
				INFOPLIST_KEY_UISupportedInterfaceOrientations_iPhone = "UIInterfaceOrientationPortrait UIInterfaceOrientationLandscapeLeft UIInterfaceOrientationLandscapeRight";
				LD_RUNPATH_SEARCH_PATHS = (
					"$(inherited)",
					"@executable_path/Frameworks",
				);
				MARKETING_VERSION = 1.0;
				PRODUCT_BUNDLE_IDENTIFIER = eylemseyhan.NutriTrack;
				PRODUCT_NAME = "$(TARGET_NAME)";
				SWIFT_EMIT_LOC_STRINGS = YES;
				SWIFT_VERSION = 5.0;
				TARGETED_DEVICE_FAMILY = "1,2";
			};
			name = Release;
		};
		3F36759B2DBFD29000F27C1B /* Debug */ = {
			isa = XCBuildConfiguration;
			buildSettings = {
				ALWAYS_SEARCH_USER_PATHS = NO;
				ASSETCATALOG_COMPILER_GENERATE_SWIFT_ASSET_SYMBOL_EXTENSIONS = YES;
				CLANG_ANALYZER_NONNULL = YES;
				CLANG_ANALYZER_NUMBER_OBJECT_CONVERSION = YES_AGGRESSIVE;
				CLANG_CXX_LANGUAGE_STANDARD = "gnu++20";
				CLANG_ENABLE_MODULES = YES;
				CLANG_ENABLE_OBJC_ARC = YES;
				CLANG_ENABLE_OBJC_WEAK = YES;
				CLANG_WARN_BLOCK_CAPTURE_AUTORELEASING = YES;
				CLANG_WARN_BOOL_CONVERSION = YES;
				CLANG_WARN_COMMA = YES;
				CLANG_WARN_CONSTANT_CONVERSION = YES;
				CLANG_WARN_DEPRECATED_OBJC_IMPLEMENTATIONS = YES;
				CLANG_WARN_DIRECT_OBJC_ISA_USAGE = YES_ERROR;
				CLANG_WARN_DOCUMENTATION_COMMENTS = YES;
				CLANG_WARN_EMPTY_BODY = YES;
				CLANG_WARN_ENUM_CONVERSION = YES;
				CLANG_WARN_INFINITE_RECURSION = YES;
				CLANG_WARN_INT_CONVERSION = YES;
				CLANG_WARN_NON_LITERAL_NULL_CONVERSION = YES;
				CLANG_WARN_OBJC_IMPLICIT_RETAIN_SELF = YES;
				CLANG_WARN_OBJC_LITERAL_CONVERSION = YES;
				CLANG_WARN_OBJC_ROOT_CLASS = YES_ERROR;
				CLANG_WARN_QUOTED_INCLUDE_IN_FRAMEWORK_HEADER = YES;
				CLANG_WARN_RANGE_LOOP_ANALYSIS = YES;
				CLANG_WARN_STRICT_PROTOTYPES = YES;
				CLANG_WARN_SUSPICIOUS_MOVE = YES;
				CLANG_WARN_UNGUARDED_AVAILABILITY = YES_AGGRESSIVE;
				CLANG_WARN_UNREACHABLE_CODE = YES;
				CLANG_WARN__DUPLICATE_METHOD_MATCH = YES;
				COPY_PHASE_STRIP = NO;
				DEBUG_INFORMATION_FORMAT = dwarf;
				ENABLE_STRICT_OBJC_MSGSEND = YES;
				ENABLE_TESTABILITY = YES;
				ENABLE_USER_SCRIPT_SANDBOXING = NO;
				GCC_C_LANGUAGE_STANDARD = gnu17;
				GCC_DYNAMIC_NO_PIC = NO;
				GCC_NO_COMMON_BLOCKS = YES;
				GCC_OPTIMIZATION_LEVEL = 0;
				GCC_PREPROCESSOR_DEFINITIONS = (
					"DEBUG=1",
					"$(inherited)",
				);
				GCC_WARN_64_TO_32_BIT_CONVERSION = YES;
				GCC_WARN_ABOUT_RETURN_TYPE = YES_ERROR;
				GCC_WARN_UNDECLARED_SELECTOR = YES;
				GCC_WARN_UNINITIALIZED_AUTOS = YES_AGGRESSIVE;
				GCC_WARN_UNUSED_FUNCTION = YES;
				GCC_WARN_UNUSED_VARIABLE = YES;
				IPHONEOS_DEPLOYMENT_TARGET = 18.2;
				LOCALIZATION_PREFERS_STRING_CATALOGS = YES;
				MTL_ENABLE_DEBUG_INFO = INCLUDE_SOURCE;
				MTL_FAST_MATH = YES;
				ONLY_ACTIVE_ARCH = YES;
				SDKROOT = iphoneos;
				SWIFT_ACTIVE_COMPILATION_CONDITIONS = "DEBUG $(inherited)";
				SWIFT_OPTIMIZATION_LEVEL = "-Onone";
			};
			name = Debug;
		};
		3F36759C2DBFD29000F27C1B /* Release */ = {
			isa = XCBuildConfiguration;
			buildSettings = {
				ALWAYS_SEARCH_USER_PATHS = NO;
				ASSETCATALOG_COMPILER_GENERATE_SWIFT_ASSET_SYMBOL_EXTENSIONS = YES;
				CLANG_ANALYZER_NONNULL = YES;
				CLANG_ANALYZER_NUMBER_OBJECT_CONVERSION = YES_AGGRESSIVE;
				CLANG_CXX_LANGUAGE_STANDARD = "gnu++20";
				CLANG_ENABLE_MODULES = YES;
				CLANG_ENABLE_OBJC_ARC = YES;
				CLANG_ENABLE_OBJC_WEAK = YES;
				CLANG_WARN_BLOCK_CAPTURE_AUTORELEASING = YES;
				CLANG_WARN_BOOL_CONVERSION = YES;
				CLANG_WARN_COMMA = YES;
				CLANG_WARN_CONSTANT_CONVERSION = YES;
				CLANG_WARN_DEPRECATED_OBJC_IMPLEMENTATIONS = YES;
				CLANG_WARN_DIRECT_OBJC_ISA_USAGE = YES_ERROR;
				CLANG_WARN_DOCUMENTATION_COMMENTS = YES;
				CLANG_WARN_EMPTY_BODY = YES;
				CLANG_WARN_ENUM_CONVERSION = YES;
				CLANG_WARN_INFINITE_RECURSION = YES;
				CLANG_WARN_INT_CONVERSION = YES;
				CLANG_WARN_NON_LITERAL_NULL_CONVERSION = YES;
				CLANG_WARN_OBJC_IMPLICIT_RETAIN_SELF = YES;
				CLANG_WARN_OBJC_LITERAL_CONVERSION = YES;
				CLANG_WARN_OBJC_ROOT_CLASS = YES_ERROR;
				CLANG_WARN_QUOTED_INCLUDE_IN_FRAMEWORK_HEADER = YES;
				CLANG_WARN_RANGE_LOOP_ANALYSIS = YES;
				CLANG_WARN_STRICT_PROTOTYPES = YES;
				CLANG_WARN_SUSPICIOUS_MOVE = YES;
				CLANG_WARN_UNGUARDED_AVAILABILITY = YES_AGGRESSIVE;
				CLANG_WARN_UNREACHABLE_CODE = YES;
				CLANG_WARN__DUPLICATE_METHOD_MATCH = YES;
				COPY_PHASE_STRIP = NO;
				DEBUG_INFORMATION_FORMAT = "dwarf-with-dsym";
				ENABLE_NS_ASSERTIONS = NO;
				ENABLE_STRICT_OBJC_MSGSEND = YES;
				ENABLE_USER_SCRIPT_SANDBOXING = NO;
				GCC_C_LANGUAGE_STANDARD = gnu17;
				GCC_NO_COMMON_BLOCKS = YES;
				GCC_WARN_64_TO_32_BIT_CONVERSION = YES;
				GCC_WARN_ABOUT_RETURN_TYPE = YES_ERROR;
				GCC_WARN_UNDECLARED_SELECTOR = YES;
				GCC_WARN_UNINITIALIZED_AUTOS = YES_AGGRESSIVE;
				GCC_WARN_UNUSED_FUNCTION = YES;
				GCC_WARN_UNUSED_VARIABLE = YES;
				IPHONEOS_DEPLOYMENT_TARGET = 18.2;
				LOCALIZATION_PREFERS_STRING_CATALOGS = YES;
				MTL_ENABLE_DEBUG_INFO = NO;
				MTL_FAST_MATH = YES;
				SDKROOT = iphoneos;
				SWIFT_COMPILATION_MODE = wholemodule;
				VALIDATE_PRODUCT = YES;
			};
			name = Release;
		};
/* End XCBuildConfiguration section */

/* Begin XCConfigurationList section */
		3F3675802DBFD28D00F27C1B /* Build configuration list for PBXProject "NutriTrack" */ = {
			isa = XCConfigurationList;
			buildConfigurations = (
				3F36759B2DBFD29000F27C1B /* Debug */,
				3F36759C2DBFD29000F27C1B /* Release */,
			);
			defaultConfigurationIsVisible = 0;
			defaultConfigurationName = Release;
		};
		3F3675982DBFD29000F27C1B /* Build configuration list for PBXNativeTarget "NutriTrack" */ = {
			isa = XCConfigurationList;
			buildConfigurations = (
				3F3675992DBFD29000F27C1B /* Debug */,
				3F36759A2DBFD29000F27C1B /* Release */,
			);
			defaultConfigurationIsVisible = 0;
			defaultConfigurationName = Release;
		};
/* End XCConfigurationList section */
	};
	rootObject = 3F36757D2DBFD28D00F27C1B /* Project object */;
}
